
Microsoft Visual Studio Solution File, Format Version 12.00
# Visual Studio Version 17
VisualStudioVersion = 17.14.36203.30
MinimumVisualStudioVersion = 10.0.40219.1
Project("{FAE04EC0-301F-11D3-BF4B-00C04F79EFBC}") = "navier-stokes", "navier-stokes.csproj", "{F4845FDC-7F2A-4A00-B582-7BDD7FA80263}"
EndProject
Global
	GlobalSection(SolutionConfigurationPlatforms) = preSolution
		Debug|Any CPU = Debug|Any CPU
		Debug|x64 = Debug|x64
		MinSizeRel|Any CPU = MinSizeRel|Any CPU
		MinSizeRel|x64 = MinSizeRel|x64
		Release|Any CPU = Release|Any CPU
		Release|x64 = Release|x64
		RelWithDebInfo|Any CPU = RelWithDebInfo|Any CPU
		RelWithDebInfo|x64 = RelWithDebInfo|x64
	EndGlobalSection
	GlobalSection(ProjectConfigurationPlatforms) = postSolution
		{F4845FDC-7F2A-4A00-B582-7BDD7FA80263}.Debug|Any CPU.ActiveCfg = Debug|Any CPU
		{F4845FDC-7F2A-4A00-B582-7BDD7FA80263}.Debug|Any CPU.Build.0 = Debug|Any CPU
		{F4845FDC-7F2A-4A00-B582-7BDD7FA80263}.Debug|x64.ActiveCfg = Debug|Any CPU
		{F4845FDC-7F2A-4A00-B582-7BDD7FA80263}.Debug|x64.Build.0 = Debug|Any CPU
		{F4845FDC-7F2A-4A00-B582-7BDD7FA80263}.MinSizeRel|Any CPU.ActiveCfg = Release|Any CPU
		{F4845FDC-7F2A-4A00-B582-7BDD7FA80263}.MinSizeRel|Any CPU.Build.0 = Release|Any CPU
		{F4845FDC-7F2A-4A00-B582-7BDD7FA80263}.MinSizeRel|x64.ActiveCfg = Release|Any CPU
		{F4845FDC-7F2A-4A00-B582-7BDD7FA80263}.MinSizeRel|x64.Build.0 = Release|Any CPU
		{F4845FDC-7F2A-4A00-B582-7BDD7FA80263}.Release|Any CPU.ActiveCfg = Release|Any CPU
		{F4845FDC-7F2A-4A00-B582-7BDD7FA80263}.Release|Any CPU.Build.0 = Release|Any CPU
		{F4845FDC-7F2A-4A00-B582-7BDD7FA80263}.Release|x64.ActiveCfg = Release|Any CPU
		{F4845FDC-7F2A-4A00-B582-7BDD7FA80263}.Release|x64.Build.0 = Release|Any CPU
		{F4845FDC-7F2A-4A00-B582-7BDD7FA80263}.RelWithDebInfo|Any CPU.ActiveCfg = Debug|Any CPU
		{F4845FDC-7F2A-4A00-B582-7BDD7FA80263}.RelWithDebInfo|Any CPU.Build.0 = Debug|Any CPU
		{F4845FDC-7F2A-4A00-B582-7BDD7FA80263}.RelWithDebInfo|x64.ActiveCfg = Debug|Any CPU
		{F4845FDC-7F2A-4A00-B582-7BDD7FA80263}.RelWithDebInfo|x64.Build.0 = Debug|Any CPU
	EndGlobalSection
	GlobalSection(SolutionProperties) = preSolution
		HideSolutionNode = FALSE
	EndGlobalSection
	GlobalSection(ExtensibilityGlobals) = postSolution
		SolutionGuid = {1566791D-95FA-43C7-B903-3D9C3D65D478}
	EndGlobalSection
EndGlobal
